
Microsoft Visual Studio Solution File, Format Version 12.00
# Visual Studio 14
VisualStudioVersion = 14.0.23107.0
MinimumVisualStudioVersion = 10.0.40219.1
Project("{FAE04EC0-301F-11D3-BF4B-00C04F79EFBC}") = "FTP Client", "FTP Client\FTP Client.csproj", "{DFCD3F95-2B48-4B49-8F16-B0437E7C0254}"
EndProject
Project("{2150E333-8FDC-42A3-9474-1A3956D46DE8}") = "Solution Items", "Solution Items", "{0C99A308-141C-4163-8AB8-C28755E1851A}"
	ProjectSection(SolutionItems) = preProject
		FTP Client\Lock.png = FTP Client\Lock.png
	EndProjectSection
EndProject
Global
	GlobalSection(SolutionConfigurationPlatforms) = preSolution
		Debug|Any CPU = Debug|Any CPU
		Release|Any CPU = Release|Any CPU
	EndGlobalSection
	GlobalSection(ProjectConfigurationPlatforms) = postSolution
		{DFCD3F95-2B48-4B49-8F16-B0437E7C0254}.Debug|Any CPU.ActiveCfg = Debug|Any CPU
		{DFCD3F95-2B48-4B49-8F16-B0437E7C0254}.Debug|Any CPU.Build.0 = Debug|Any CPU
		{DFCD3F95-2B48-4B49-8F16-B0437E7C0254}.Release|Any CPU.ActiveCfg = Release|Any CPU
		{DFCD3F95-2B48-4B49-8F16-B0437E7C0254}.Release|Any CPU.Build.0 = Release|Any CPU
	EndGlobalSection
	GlobalSection(SolutionProperties) = preSolution
		HideSolutionNode = FALSE
	EndGlobalSection
EndGlobal
